[[package]]
category = "main"
description = "A pluggable API specification generator. Currently supports the OpenAPI Specification (f.k.a. the Swagger specification)."
name = "apispec"
optional = false
python-versions = ">=3.7"
version = "5.2.2"

[package.dependencies]
[package.dependencies.marshmallow]
optional = true
version = ">=3.13.0"

[package.extras]
dev = ["PyYAML (>=3.10)", "prance (>=0.11)", "marshmallow (>=3.13.0)", "pytest", "mock", "flake8 (4.0.1)", "flake8-bugbear (22.4.25)", "pre-commit (>=2.4,<3.0)", "mypy (0.950)", "types-pyyaml", "tox"]
docs = ["marshmallow (>=3.13.0)", "pyyaml (6.0)", "sphinx (4.5.0)", "sphinx-issues (3.0.1)", "sphinx-rtd-theme (1.0.0)"]
lint = ["flake8 (4.0.1)", "flake8-bugbear (22.4.25)", "pre-commit (>=2.4,<3.0)", "mypy (0.950)", "types-pyyaml"]
marshmallow = ["marshmallow (>=3.13.0)"]
tests = ["PyYAML (>=3.10)", "prance (>=0.11)", "marshmallow (>=3.13.0)", "pytest", "mock"]
validation = ["prance (>=0.11)"]
yaml = ["PyYAML (>=3.10)"]

[[package]]
category = "main"
description = "Composable command line interface toolkit"
name = "click"
optional = false
python-versions = ">=3.7"
version = "8.1.3"

[package.dependencies]
colorama = "*"

[[package]]
category = "main"
description = "Cross-platform colored terminal text."
marker = "platform_system == \"Windows\""
name = "colorama"
optional = false
python-versions = ">=2.7, !=3.0.*, !=3.1.*, !=3.2.*, !=3.3.*, !=3.4.*"
version = "0.4.5"

[[package]]
category = "main"
description = "A simple framework for building complex web applications."
name = "flask"
optional = false
python-versions = ">=3.7"
version = "2.2.2"

[package.dependencies]
Jinja2 = ">=3.0"
Werkzeug = ">=2.2.2"
click = ">=8.0"
itsdangerous = ">=2.0"

[package.extras]
async = ["asgiref (>=3.2)"]
dotenv = ["python-dotenv"]

[[package]]
category = "main"
description = "Flask/Marshmallow-based REST API framework"
name = "flask-smorest"
optional = false
python-versions = ">=3.7"
version = "0.39.0"

[package.dependencies]
flask = ">=2.0,<3"
marshmallow = ">=3.13.0,<4"
webargs = ">=8.0.0,<9"
werkzeug = ">=2.0,<3"

[package.dependencies.apispec]
extras = ["marshmallow"]
version = ">=5.1.0,<6"

[package.extras]
dev = ["pytest (7.1.2)", "pytest-cov (3.0.0)", "coverage (6.4.3)", "werkzeug (2.2.2)", "flask (2.2.2)", "marshmallow (3.17.0)", "webargs (8.2.0)", "apispec (5.2.2)", "PyYAML (6.0)", "flake8 (5.0.4)", "flake8-bugbear (22.7.1)", "pre-commit (2.20.0)"]
lint = ["flake8 (5.0.4)", "flake8-bugbear (22.7.1)", "pre-commit (2.20.0)"]
tests = ["pytest (7.1.2)", "pytest-cov (3.0.0)", "coverage (6.4.3)", "werkzeug (2.2.2)", "flask (2.2.2)", "marshmallow (3.17.0)", "webargs (8.2.0)", "apispec (5.2.2)", "PyYAML (6.0)"]

[[package]]
category = "main"
description = "Add SQLAlchemy support to your Flask application."
name = "flask-sqlalchemy"
optional = false
python-versions = ">=3.7"
version = "3.0.0"

[package.dependencies]
Flask = ">=2.2"
SQLAlchemy = ">=1.4.18"

[[package]]
category = "main"
description = "Lightweight in-process concurrent programming"
marker = "python_version >= \"3\" and (platform_machine == \"aarch64\" or platform_machine == \"ppc64le\" or platform_machine == \"x86_64\" or platform_machine == \"amd64\" or platform_machine == \"AMD64\" or platform_machine == \"win32\" or platform_machine == \"WIN32\")"
name = "greenlet"
optional = false
python-versions = ">=2.7,!=3.0.*,!=3.1.*,!=3.2.*,!=3.3.*,!=3.4.*"
version = "1.1.3"

[package.extras]
docs = ["sphinx"]

[[package]]
category = "main"
description = "Safely pass data to untrusted environments and back."
name = "itsdangerous"
optional = false
python-versions = ">=3.7"
version = "2.1.2"

[[package]]
category = "main"
description = "A very fast and expressive template engine."
name = "jinja2"
optional = false
python-versions = ">=3.7"
version = "3.1.2"

[package.dependencies]
MarkupSafe = ">=2.0"

[package.extras]
i18n = ["Babel (>=2.7)"]

[[package]]
category = "main"
description = "Safely add untrusted strings to HTML/XML markup."
name = "markupsafe"
optional = false
python-versions = ">=3.7"
version = "2.1.1"

[[package]]
category = "main"
description = "A lightweight library for converting complex datatypes to and from native Python datatypes."
name = "marshmallow"
optional = false
python-versions = ">=3.7"
version = "3.18.0"

[package.dependencies]
packaging = ">=17.0"

[package.extras]
dev = ["pytest", "pytz", "simplejson", "mypy (0.971)", "flake8 (5.0.4)", "flake8-bugbear (22.9.11)", "pre-commit (>=2.4,<3.0)", "tox"]
docs = ["sphinx (5.1.1)", "sphinx-issues (3.0.1)", "alabaster (0.7.12)", "sphinx-version-warning (1.1.2)", "autodocsumm (0.2.9)"]
lint = ["mypy (0.971)", "flake8 (5.0.4)", "flake8-bugbear (22.9.11)", "pre-commit (>=2.4,<3.0)"]
tests = ["pytest", "pytz", "simplejson"]

[[package]]
category = "main"
description = "Core utilities for Python packages"
name = "packaging"
optional = false
python-versions = ">=3.6"
version = "21.3"

[package.dependencies]
pyparsing = ">=2.0.2,<3.0.5 || >3.0.5"

[[package]]
category = "main"
description = "pyparsing module - Classes and methods to define and execute parsing grammars"
name = "pyparsing"
optional = false
python-versions = ">=3.6.8"
version = "3.0.9"

[package.extras]
diagrams = ["railroad-diagrams", "jinja2"]

[[package]]
category = "main"
description = "Read key-value pairs from a .env file and set them as environment variables"
name = "python-dotenv"
optional = false
python-versions = ">=3.7"
version = "0.21.0"

[package.extras]
cli = ["click (>=5.0)"]

[[package]]
category = "main"
description = "Database Abstraction Library"
name = "sqlalchemy"
optional = false
python-versions = "!=3.0.*,!=3.1.*,!=3.2.*,!=3.3.*,!=3.4.*,!=3.5.*,>=2.7"
version = "1.4.41"

[package.dependencies]
[package.dependencies.greenlet]
python = ">=3"
version = "!=0.4.17"

[package.extras]
aiomysql = ["greenlet (!=0.4.17)", "aiomysql"]
aiosqlite = ["typing_extensions (!=3.10.0.1)", "greenlet (!=0.4.17)", "aiosqlite"]
asyncio = ["greenlet (!=0.4.17)"]
asyncmy = ["greenlet (!=0.4.17)", "asyncmy (>=0.2.3,<0.2.4 || >0.2.4)"]
mariadb_connector = ["mariadb (>=1.0.1,<1.1.2 || >1.1.2)"]
mssql = ["pyodbc"]
mssql_pymssql = ["pymssql"]
mssql_pyodbc = ["pyodbc"]
mypy = ["sqlalchemy2-stubs", "mypy (>=0.910)"]
mysql = ["mysqlclient (>=1.4.0,<2)", "mysqlclient (>=1.4.0)"]
mysql_connector = ["mysql-connector-python"]
oracle = ["cx_oracle (>=7,<8)", "cx_oracle (>=7)"]
postgresql = ["psycopg2 (>=2.7)"]
postgresql_asyncpg = ["greenlet (!=0.4.17)", "asyncpg"]
postgresql_pg8000 = ["pg8000 (>=1.16.6,<1.29.0 || >1.29.0)"]
postgresql_psycopg2binary = ["psycopg2-binary"]
postgresql_psycopg2cffi = ["psycopg2cffi"]
pymysql = ["pymysql (<1)", "pymysql"]
sqlcipher = ["sqlcipher3-binary"]

[[package]]
category = "main"
description = "Declarative parsing and validation of HTTP request objects, with built-in support for popular web frameworks, including Flask, Django, Bottle, Tornado, Pyramid, Falcon, and aiohttp."
name = "webargs"
optional = false
python-versions = ">=3.7.2"
version = "8.2.0"

[package.dependencies]
marshmallow = ">=3.0.0"
packaging = "*"

[package.extras]
dev = ["pytest", "pytest-asyncio", "webtest (3.0.0)", "webtest-aiohttp (2.0.0)", "pytest-aiohttp (>=0.3.0)", "Flask (>=0.12.5)", "Django (>=2.2.0)", "bottle (>=0.12.13)", "tornado (>=4.5.2)", "pyramid (>=1.9.1)", "falcon (>=2.0.0)", "aiohttp (>=3.0.8)", "mypy (0.961)", "flake8 (4.0.1)", "flake8-bugbear (22.7.1)", "pre-commit (>=2.4,<3.0)", "tox"]
docs = ["Sphinx (5.0.2)", "sphinx-issues (3.0.1)", "furo (2022.6.21)", "Flask (>=0.12.5)", "Django (>=2.2.0)", "bottle (>=0.12.13)", "tornado (>=4.5.2)", "pyramid (>=1.9.1)", "falcon (>=2.0.0)", "aiohttp (>=3.0.8)"]
frameworks = ["Flask (>=0.12.5)", "Django (>=2.2.0)", "bottle (>=0.12.13)", "tornado (>=4.5.2)", "pyramid (>=1.9.1)", "falcon (>=2.0.0)", "aiohttp (>=3.0.8)"]
lint = ["mypy (0.961)", "flake8 (4.0.1)", "flake8-bugbear (22.7.1)", "pre-commit (>=2.4,<3.0)"]
tests = ["pytest", "pytest-asyncio", "webtest (3.0.0)", "webtest-aiohttp (2.0.0)", "pytest-aiohttp (>=0.3.0)", "Flask (>=0.12.5)", "Django (>=2.2.0)", "bottle (>=0.12.13)", "tornado (>=4.5.2)", "pyramid (>=1.9.1)", "falcon (>=2.0.0)", "aiohttp (>=3.0.8)"]

[[package]]
category = "main"
description = "The comprehensive WSGI web application library."
name = "werkzeug"
optional = false
python-versions = ">=3.7"
version = "2.2.2"

[package.dependencies]
MarkupSafe = ">=2.1.1"

[package.extras]
watchdog = ["watchdog"]

[metadata]
content-hash = "01ebcd7f2399f1a184c46b8653c21dea30e5d83bc05c93733cf111b97b49ef34"
python-versions = "^3.10"

[metadata.files]
apispec = []
click = []
colorama = []
flask = []
flask-smorest = []
flask-sqlalchemy = []
greenlet = []
itsdangerous = []
jinja2 = []
markupsafe = []
marshmallow = []
packaging = []
pyparsing = []
python-dotenv = []
sqlalchemy = []
webargs = []
werkzeug = []
